// !$*UTF8*$!
{
	archiveVersion = 1;
	classes = {
	};
	objectVersion = 50;
	objects = {

/* Begin PBXBuildFile section */
		27B9189C26F0915500BB8229 /* Spirograph.swift in Sources */ = {isa = PBXBuildFile; fileRef = 27B9189B26F0915500BB8229 /* Spirograph.swift */; };
		27B9189E26F0917B00BB8229 /* SpirographContentView.swift in Sources */ = {isa = PBXBuildFile; fileRef = 27B9189D26F0917B00BB8229 /* SpirographContentView.swift */; };
		27B918A226F091BD00BB8229 /* Checkerboard.swift in Sources */ = {isa = PBXBuildFile; fileRef = 27B918A126F091BD00BB8229 /* Checkerboard.swift */; };
		27B918A426F091DF00BB8229 /* Trapezoid.swift in Sources */ = {isa = PBXBuildFile; fileRef = 27B918A326F091DF00BB8229 /* Trapezoid.swift */; };
		27B918A626F091F500BB8229 /* ColorCyclingCircle.swift in Sources */ = {isa = PBXBuildFile; fileRef = 27B918A526F091F500BB8229 /* ColorCyclingCircle.swift */; };
		27B918A826F0920D00BB8229 /* Flower.swift in Sources */ = {isa = PBXBuildFile; fileRef = 27B918A726F0920D00BB8229 /* Flower.swift */; };
		27B918AA26F0921F00BB8229 /* Triangle.swift in Sources */ = {isa = PBXBuildFile; fileRef = 27B918A926F0921F00BB8229 /* Triangle.swift */; };
		27B918AC26F0923200BB8229 /* Arc.swift in Sources */ = {isa = PBXBuildFile; fileRef = 27B918AB26F0923200BB8229 /* Arc.swift */; };
		27B918AE26F0925300BB8229 /* FlowerContentView.swift in Sources */ = {isa = PBXBuildFile; fileRef = 27B918AD26F0925300BB8229 /* FlowerContentView.swift */; };
		27B918B026F0926800BB8229 /* BlendModesContentView.swift in Sources */ = {isa = PBXBuildFile; fileRef = 27B918AF26F0926800BB8229 /* BlendModesContentView.swift */; };
		27B918B226F0928400BB8229 /* TrapezoidContentView.swift in Sources */ = {isa = PBXBuildFile; fileRef = 27B918B126F0928400BB8229 /* TrapezoidContentView.swift */; };
		27B918B426F0929700BB8229 /* CheckerboardContentView.swift in Sources */ = {isa = PBXBuildFile; fileRef = 27B918B326F0929700BB8229 /* CheckerboardContentView.swift */; };
		27B918B626F0960200BB8229 /* Readme.md in Resources */ = {isa = PBXBuildFile; fileRef = 27B918B526F0960200BB8229 /* Readme.md */; };
		27CE984C26EFA271003016B6 /* DrawingApp.swift in Sources */ = {isa = PBXBuildFile; fileRef = 27CE984B26EFA271003016B6 /* DrawingApp.swift */; };
		27CE984E26EFA271003016B6 /* ContentView.swift in Sources */ = {isa = PBXBuildFile; fileRef = 27CE984D26EFA271003016B6 /* ContentView.swift */; };
		27CE985026EFA275003016B6 /* Assets.xcassets in Resources */ = {isa = PBXBuildFile; fileRef = 27CE984F26EFA275003016B6 /* Assets.xcassets */; };
		27CE985326EFA275003016B6 /* Preview Assets.xcassets in Resources */ = {isa = PBXBuildFile; fileRef = 27CE985226EFA275003016B6 /* Preview Assets.xcassets */; };
/* End PBXBuildFile section */

/* Begin PBXFileReference section */
		27B9189B26F0915500BB8229 /* Spirograph.swift */ = {isa = PBXFileReference; lastKnownFileType = sourcecode.swift; path = Spirograph.swift; sourceTree = "<group>"; };
		27B9189D26F0917B00BB8229 /* SpirographContentView.swift */ = {isa = PBXFileReference; lastKnownFileType = sourcecode.swift; path = SpirographContentView.swift; sourceTree = "<group>"; };
		27B918A126F091BD00BB8229 /* Checkerboard.swift */ = {isa = PBXFileReference; lastKnownFileType = sourcecode.swift; path = Checkerboard.swift; sourceTree = "<group>"; };
		27B918A326F091DF00BB8229 /* Trapezoid.swift */ = {isa = PBXFileReference; lastKnownFileType = sourcecode.swift; path = Trapezoid.swift; sourceTree = "<group>"; };
		27B918A526F091F500BB8229 /* ColorCyclingCircle.swift */ = {isa = PBXFileReference; lastKnownFileType = sourcecode.swift; path = ColorCyclingCircle.swift; sourceTree = "<group>"; };
		27B918A726F0920D00BB8229 /* Flower.swift */ = {isa = PBXFileReference; lastKnownFileType = sourcecode.swift; path = Flower.swift; sourceTree = "<group>"; };
		27B918A926F0921F00BB8229 /* Triangle.swift */ = {isa = PBXFileReference; lastKnownFileType = sourcecode.swift; path = Triangle.swift; sourceTree = "<group>"; };
		27B918AB26F0923200BB8229 /* Arc.swift */ = {isa = PBXFileReference; lastKnownFileType = sourcecode.swift; path = Arc.swift; sourceTree = "<group>"; };
		27B918AD26F0925300BB8229 /* FlowerContentView.swift */ = {isa = PBXFileReference; lastKnownFileType = sourcecode.swift; path = FlowerContentView.swift; sourceTree = "<group>"; };
		27B918AF26F0926800BB8229 /* BlendModesContentView.swift */ = {isa = PBXFileReference; lastKnownFileType = sourcecode.swift; path = BlendModesContentView.swift; sourceTree = "<group>"; };
		27B918B126F0928400BB8229 /* TrapezoidContentView.swift */ = {isa = PBXFileReference; lastKnownFileType = sourcecode.swift; path = TrapezoidContentView.swift; sourceTree = "<group>"; };
		27B918B326F0929700BB8229 /* CheckerboardContentView.swift */ = {isa = PBXFileReference; lastKnownFileType = sourcecode.swift; path = CheckerboardContentView.swift; sourceTree = "<group>"; };
		27B918B526F0960200BB8229 /* Readme.md */ = {isa = PBXFileReference; fileEncoding = 4; lastKnownFileType = net.daringfireball.markdown; path = Readme.md; sourceTree = SOURCE_ROOT; };
		27CE984826EFA271003016B6 /* Drawing.app */ = {isa = PBXFileReference; explicitFileType = wrapper.application; includeInIndex = 0; path = Drawing.app; sourceTree = BUILT_PRODUCTS_DIR; };
		27CE984B26EFA271003016B6 /* DrawingApp.swift */ = {isa = PBXFileReference; lastKnownFileType = sourcecode.swift; path = DrawingApp.swift; sourceTree = "<group>"; };
		27CE984D26EFA271003016B6 /* ContentView.swift */ = {isa = PBXFileReference; lastKnownFileType = sourcecode.swift; path = ContentView.swift; sourceTree = "<group>"; };
		27CE984F26EFA275003016B6 /* Assets.xcassets */ = {isa = PBXFileReference; lastKnownFileType = folder.assetcatalog; path = Assets.xcassets; sourceTree = "<group>"; };
		27CE985226EFA275003016B6 /* Preview Assets.xcassets */ = {isa = PBXFileReference; lastKnownFileType = folder.assetcatalog; path = "Preview Assets.xcassets"; sourceTree = "<group>"; };
		27CE985426EFA275003016B6 /* Info.plist */ = {isa = PBXFileReference; lastKnownFileType = text.plist.xml; path = Info.plist; sourceTree = "<group>"; };
/* End PBXFileReference section */

/* Begin PBXFrameworksBuildPhase section */
		27CE984526EFA271003016B6 /* Frameworks */ = {
			isa = PBXFrameworksBuildPhase;
			buildActionMask = 2147483647;
			files = (
			);
			runOnlyForDeploymentPostprocessing = 0;
		};
/* End PBXFrameworksBuildPhase section */

/* Begin PBXGroup section */
		27B9189F26F0918A00BB8229 /* Views */ = {
			isa = PBXGroup;
			children = (
				27B918AF26F0926800BB8229 /* BlendModesContentView.swift */,
				27B918B326F0929700BB8229 /* CheckerboardContentView.swift */,
				27CE984D26EFA271003016B6 /* ContentView.swift */,
				27B918AD26F0925300BB8229 /* FlowerContentView.swift */,
				27B9189D26F0917B00BB8229 /* SpirographContentView.swift */,
				27B918B126F0928400BB8229 /* TrapezoidContentView.swift */,
			);
			path = Views;
			sourceTree = "<group>";
		};
		27B918A026F0919500BB8229 /* Shapes */ = {
			isa = PBXGroup;
			children = (
				27B918AB26F0923200BB8229 /* Arc.swift */,
				27B918A126F091BD00BB8229 /* Checkerboard.swift */,
				27B918A526F091F500BB8229 /* ColorCyclingCircle.swift */,
				27B918A726F0920D00BB8229 /* Flower.swift */,
				27B9189B26F0915500BB8229 /* Spirograph.swift */,
				27B918A326F091DF00BB8229 /* Trapezoid.swift */,
				27B918A926F0921F00BB8229 /* Triangle.swift */,
			);
			path = Shapes;
			sourceTree = "<group>";
		};
		27CE983F26EFA271003016B6 = {
			isa = PBXGroup;
			children = (
				27CE984A26EFA271003016B6 /* Drawing */,
				27CE984926EFA271003016B6 /* Products */,
			);
			sourceTree = "<group>";
		};
		27CE984926EFA271003016B6 /* Products */ = {
			isa = PBXGroup;
			children = (
				27CE984826EFA271003016B6 /* Drawing.app */,
			);
			name = Products;
			sourceTree = "<group>";
		};
		27CE984A26EFA271003016B6 /* Drawing */ = {
			isa = PBXGroup;
			children = (
				27B918B526F0960200BB8229 /* Readme.md */,
				27B918A026F0919500BB8229 /* Shapes */,
				27B9189F26F0918A00BB8229 /* Views */,
				27CE984B26EFA271003016B6 /* DrawingApp.swift */,
				27CE984F26EFA275003016B6 /* Assets.xcassets */,
				27CE985426EFA275003016B6 /* Info.plist */,
				27CE985126EFA275003016B6 /* Preview Content */,
			);
			path = Drawing;
			sourceTree = "<group>";
		};
		27CE985126EFA275003016B6 /* Preview Content */ = {
			isa = PBXGroup;
			children = (
				27CE985226EFA275003016B6 /* Preview Assets.xcassets */,
			);
			path = "Preview Content";
			sourceTree = "<group>";
		};
/* End PBXGroup section */

/* Begin PBXNativeTarget section */
		27CE984726EFA271003016B6 /* Drawing */ = {
			isa = PBXNativeTarget;
			buildConfigurationList = 27CE985726EFA275003016B6 /* Build configuration list for PBXNativeTarget "Drawing" */;
			buildPhases = (
				27CE984426EFA271003016B6 /* Sources */,
				27CE984526EFA271003016B6 /* Frameworks */,
				27CE984626EFA271003016B6 /* Resources */,
			);
			buildRules = (
			);
			dependencies = (
			);
			name = Drawing;
			productName = Drawing;
			productReference = 27CE984826EFA271003016B6 /* Drawing.app */;
			productType = "com.apple.product-type.application";
		};
/* End PBXNativeTarget section */

/* Begin PBXProject section */
		27CE984026EFA271003016B6 /* Project object */ = {
			isa = PBXProject;
			attributes = {
				LastSwiftUpdateCheck = 1250;
				LastUpgradeCheck = 1250;
				TargetAttributes = {
					27CE984726EFA271003016B6 = {
						CreatedOnToolsVersion = 12.5.1;
					};
				};
			};
			buildConfigurationList = 27CE984326EFA271003016B6 /* Build configuration list for PBXProject "Drawing" */;
			compatibilityVersion = "Xcode 9.3";
			developmentRegion = en;
			hasScannedForEncodings = 0;
			knownRegions = (
				en,
				Base,
			);
			mainGroup = 27CE983F26EFA271003016B6;
			productRefGroup = 27CE984926EFA271003016B6 /* Products */;
			projectDirPath = "";
			projectRoot = "";
			targets = (
				27CE984726EFA271003016B6 /* Drawing */,
			);
		};
/* End PBXProject section */

/* Begin PBXResourcesBuildPhase section */
		27CE984626EFA271003016B6 /* Resources */ = {
			isa = PBXResourcesBuildPhase;
			buildActionMask = 2147483647;
			files = (
				27CE985326EFA275003016B6 /* Preview Assets.xcassets in Resources */,
				27CE985026EFA275003016B6 /* Assets.xcassets in Resources */,
				27B918B626F0960200BB8229 /* Readme.md in Resources */,
			);
			runOnlyForDeploymentPostprocessing = 0;
		};
/* End PBXResourcesBuildPhase section */

/* Begin PBXSourcesBuildPhase section */
		27CE984426EFA271003016B6 /* Sources */ = {
			isa = PBXSourcesBuildPhase;
			buildActionMask = 2147483647;
			files = (
				27B918AE26F0925300BB8229 /* FlowerContentView.swift in Sources */,
				27CE984E26EFA271003016B6 /* ContentView.swift in Sources */,
				27B918B226F0928400BB8229 /* TrapezoidContentView.swift in Sources */,
				27B918A626F091F500BB8229 /* ColorCyclingCircle.swift in Sources */,
				27B918AC26F0923200BB8229 /* Arc.swift in Sources */,
				27B918A226F091BD00BB8229 /* Checkerboard.swift in Sources */,
				27B918B026F0926800BB8229 /* BlendModesContentView.swift in Sources */,
				27B918B426F0929700BB8229 /* CheckerboardContentView.swift in Sources */,
				27B918AA26F0921F00BB8229 /* Triangle.swift in Sources */,
				27B918A426F091DF00BB8229 /* Trapezoid.swift in Sources */,
				27CE984C26EFA271003016B6 /* DrawingApp.swift in Sources */,
				27B9189C26F0915500BB8229 /* Spirograph.swift in Sources */,
				27B918A826F0920D00BB8229 /* Flower.swift in Sources */,
				27B9189E26F0917B00BB8229 /* SpirographContentView.swift in Sources */,
			);
			runOnlyForDeploymentPostprocessing = 0;
		};
/* End PBXSourcesBuildPhase section */

/* Begin XCBuildConfiguration section */
		27CE985526EFA275003016B6 /* Debug */ = {
			isa = XCBuildConfiguration;
			buildSettings = {
				ALWAYS_SEARCH_USER_PATHS = NO;
				CLANG_ANALYZER_NONNULL = YES;
				CLANG_ANALYZER_NUMBER_OBJECT_CONVERSION = YES_AGGRESSIVE;
				CLANG_CXX_LANGUAGE_STANDARD = "gnu++14";
				CLANG_CXX_LIBRARY = "libc++";
				CLANG_ENABLE_MODULES = YES;
				CLANG_ENABLE_OBJC_ARC = YES;
				CLANG_ENABLE_OBJC_WEAK = YES;
				CLANG_WARN_BLOCK_CAPTURE_AUTORELEASING = YES;
				CLANG_WARN_BOOL_CONVERSION = YES;
				CLANG_WARN_COMMA = YES;
				CLANG_WARN_CONSTANT_CONVERSION = YES;
				CLANG_WARN_DEPRECATED_OBJC_IMPLEMENTATIONS = YES;
				CLANG_WARN_DIRECT_OBJC_ISA_USAGE = YES_ERROR;
				CLANG_WARN_DOCUMENTATION_COMMENTS = YES;
				CLANG_WARN_EMPTY_BODY = YES;
				CLANG_WARN_ENUM_CONVERSION = YES;
				CLANG_WARN_INFINITE_RECURSION = YES;
				CLANG_WARN_INT_CONVERSION = YES;
				CLANG_WARN_NON_LITERAL_NULL_CONVERSION = YES;
				CLANG_WARN_OBJC_IMPLICIT_RETAIN_SELF = YES;
				CLANG_WARN_OBJC_LITERAL_CONVERSION = YES;
				CLANG_WARN_OBJC_ROOT_CLASS = YES_ERROR;
				CLANG_WARN_QUOTED_INCLUDE_IN_FRAMEWORK_HEADER = YES;
				CLANG_WARN_RANGE_LOOP_ANALYSIS = YES;
				CLANG_WARN_STRICT_PROTOTYPES = YES;
				CLANG_WARN_SUSPICIOUS_MOVE = YES;
				CLANG_WARN_UNGUARDED_AVAILABILITY = YES_AGGRESSIVE;
				CLANG_WARN_UNREACHABLE_CODE = YES;
				CLANG_WARN__DUPLICATE_METHOD_MATCH = YES;
				COPY_PHASE_STRIP = NO;
				DEBUG_INFORMATION_FORMAT = dwarf;
				ENABLE_STRICT_OBJC_MSGSEND = YES;
				ENABLE_TESTABILITY = YES;
				GCC_C_LANGUAGE_STANDARD = gnu11;
				GCC_DYNAMIC_NO_PIC = NO;
				GCC_NO_COMMON_BLOCKS = YES;
				GCC_OPTIMIZATION_LEVEL = 0;
				GCC_PREPROCESSOR_DEFINITIONS = (
					"DEBUG=1",
					"$(inherited)",
				);
				GCC_WARN_64_TO_32_BIT_CONVERSION = YES;
				GCC_WARN_ABOUT_RETURN_TYPE = YES_ERROR;
				GCC_WARN_UNDECLARED_SELECTOR = YES;
				GCC_WARN_UNINITIALIZED_AUTOS = YES_AGGRESSIVE;
				GCC_WARN_UNUSED_FUNCTION = YES;
				GCC_WARN_UNUSED_VARIABLE = YES;
				IPHONEOS_DEPLOYMENT_TARGET = 14.5;
				MTL_ENABLE_DEBUG_INFO = INCLUDE_SOURCE;
				MTL_FAST_MATH = YES;
				ONLY_ACTIVE_ARCH = YES;
				SDKROOT = iphoneos;
				SWIFT_ACTIVE_COMPILATION_CONDITIONS = DEBUG;
				SWIFT_OPTIMIZATION_LEVEL = "-Onone";
			};
			name = Debug;
		};
		27CE985626EFA275003016B6 /* Release */ = {
			isa = XCBuildConfiguration;
			buildSettings = {
				ALWAYS_SEARCH_USER_PATHS = NO;
				CLANG_ANALYZER_NONNULL = YES;
				CLANG_ANALYZER_NUMBER_OBJECT_CONVERSION = YES_AGGRESSIVE;
				CLANG_CXX_LANGUAGE_STANDARD = "gnu++14";
				CLANG_CXX_LIBRARY = "libc++";
				CLANG_ENABLE_MODULES = YES;
				CLANG_ENABLE_OBJC_ARC = YES;
				CLANG_ENABLE_OBJC_WEAK = YES;
				CLANG_WARN_BLOCK_CAPTURE_AUTORELEASING = YES;
				CLANG_WARN_BOOL_CONVERSION = YES;
				CLANG_WARN_COMMA = YES;
				CLANG_WARN_CONSTANT_CONVERSION = YES;
				CLANG_WARN_DEPRECATED_OBJC_IMPLEMENTATIONS = YES;
				CLANG_WARN_DIRECT_OBJC_ISA_USAGE = YES_ERROR;
				CLANG_WARN_DOCUMENTATION_COMMENTS = YES;
				CLANG_WARN_EMPTY_BODY = YES;
				CLANG_WARN_ENUM_CONVERSION = YES;
				CLANG_WARN_INFINITE_RECURSION = YES;
				CLANG_WARN_INT_CONVERSION = YES;
				CLANG_WARN_NON_LITERAL_NULL_CONVERSION = YES;
				CLANG_WARN_OBJC_IMPLICIT_RETAIN_SELF = YES;
				CLANG_WARN_OBJC_LITERAL_CONVERSION = YES;
				CLANG_WARN_OBJC_ROOT_CLASS = YES_ERROR;
				CLANG_WARN_QUOTED_INCLUDE_IN_FRAMEWORK_HEADER = YES;
				CLANG_WARN_RANGE_LOOP_ANALYSIS = YES;
				CLANG_WARN_STRICT_PROTOTYPES = YES;
				CLANG_WARN_SUSPICIOUS_MOVE = YES;
				CLANG_WARN_UNGUARDED_AVAILABILITY = YES_AGGRESSIVE;
				CLANG_WARN_UNREACHABLE_CODE = YES;
				CLANG_WARN__DUPLICATE_METHOD_MATCH = YES;
				COPY_PHASE_STRIP = NO;
				DEBUG_INFORMATION_FORMAT = "dwarf-with-dsym";
				ENABLE_NS_ASSERTIONS = NO;
				ENABLE_STRICT_OBJC_MSGSEND = YES;
				GCC_C_LANGUAGE_STANDARD = gnu11;
				GCC_NO_COMMON_BLOCKS = YES;
				GCC_WARN_64_TO_32_BIT_CONVERSION = YES;
				GCC_WARN_ABOUT_RETURN_TYPE = YES_ERROR;
				GCC_WARN_UNDECLARED_SELECTOR = YES;
				GCC_WARN_UNINITIALIZED_AUTOS = YES_AGGRESSIVE;
				GCC_WARN_UNUSED_FUNCTION = YES;
				GCC_WARN_UNUSED_VARIABLE = YES;
				IPHONEOS_DEPLOYMENT_TARGET = 14.5;
				MTL_ENABLE_DEBUG_INFO = NO;
				MTL_FAST_MATH = YES;
				SDKROOT = iphoneos;
				SWIFT_COMPILATION_MODE = wholemodule;
				SWIFT_OPTIMIZATION_LEVEL = "-O";
				VALIDATE_PRODUCT = YES;
			};
			name = Release;
		};
		27CE985826EFA275003016B6 /* Debug */ = {
			isa = XCBuildConfiguration;
			buildSettings = {
				ASSETCATALOG_COMPILER_APPICON_NAME = AppIcon;
				ASSETCATALOG_COMPILER_GLOBAL_ACCENT_COLOR_NAME = AccentColor;
				CODE_SIGN_STYLE = Automatic;
				DEVELOPMENT_ASSET_PATHS = "\"Drawing/Preview Content\"";
				DEVELOPMENT_TEAM = 95Q5YEGF4A;
				ENABLE_PREVIEWS = YES;
				INFOPLIST_FILE = Drawing/Info.plist;
				IPHONEOS_DEPLOYMENT_TARGET = 14.0;
				LD_RUNPATH_SEARCH_PATHS = (
					"$(inherited)",
					"@executable_path/Frameworks",
				);
				PRODUCT_BUNDLE_IDENTIFIER = pattest.Drawing;
				PRODUCT_NAME = "$(TARGET_NAME)";
				SWIFT_VERSION = 5.0;
				TARGETED_DEVICE_FAMILY = "1,2";
			};
			name = Debug;
		};
		27CE985926EFA275003016B6 /* Release */ = {
			isa = XCBuildConfiguration;
			buildSettings = {
				ASSETCATALOG_COMPILER_APPICON_NAME = AppIcon;
				ASSETCATALOG_COMPILER_GLOBAL_ACCENT_COLOR_NAME = AccentColor;
				CODE_SIGN_STYLE = Automatic;
				DEVELOPMENT_ASSET_PATHS = "\"Drawing/Preview Content\"";
				DEVELOPMENT_TEAM = 95Q5YEGF4A;
				ENABLE_PREVIEWS = YES;
				INFOPLIST_FILE = Drawing/Info.plist;
				IPHONEOS_DEPLOYMENT_TARGET = 14.0;
				LD_RUNPATH_SEARCH_PATHS = (
					"$(inherited)",
					"@executable_path/Frameworks",
				);
				PRODUCT_BUNDLE_IDENTIFIER = pattest.Drawing;
				PRODUCT_NAME = "$(TARGET_NAME)";
				SWIFT_VERSION = 5.0;
				TARGETED_DEVICE_FAMILY = "1,2";
			};
			name = Release;
		};
/* End XCBuildConfiguration section */

/* Begin XCConfigurationList section */
		27CE984326EFA271003016B6 /* Build configuration list for PBXProject "Drawing" */ = {
			isa = XCConfigurationList;
			buildConfigurations = (
				27CE985526EFA275003016B6 /* Debug */,
				27CE985626EFA275003016B6 /* Release */,
			);
			defaultConfigurationIsVisible = 0;
			defaultConfigurationName = Release;
		};
		27CE985726EFA275003016B6 /* Build configuration list for PBXNativeTarget "Drawing" */ = {
			isa = XCConfigurationList;
			buildConfigurations = (
				27CE985826EFA275003016B6 /* Debug */,
				27CE985926EFA275003016B6 /* Release */,
			);
			defaultConfigurationIsVisible = 0;
			defaultConfigurationName = Release;
		};
/* End XCConfigurationList section */
	};
	rootObject = 27CE984026EFA271003016B6 /* Project object */;
}
